
Microsoft Visual Studio Solution File, Format Version 12.00
# Visual Studio Version 16
VisualStudioVersion = 16.0.30225.117
MinimumVisualStudioVersion = 10.0.40219.1
Project("{FAE04EC0-301F-11D3-BF4B-00C04F79EFBC}") = "Umrechner", "Umrechner\Umrechner.csproj", "{C0F87E2D-321F-4AAE-9CCD-0CD1AAEC36EF}"
EndProject
Global
	GlobalSection(SolutionConfigurationPlatforms) = preSolution
		Debug|Any CPU = Debug|Any CPU
		Release|Any CPU = Release|Any CPU
	EndGlobalSection
	GlobalSection(ProjectConfigurationPlatforms) = postSolution
		{C0F87E2D-321F-4AAE-9CCD-0CD1AAEC36EF}.Debug|Any CPU.ActiveCfg = Debug|Any CPU
		{C0F87E2D-321F-4AAE-9CCD-0CD1AAEC36EF}.Debug|Any CPU.Build.0 = Debug|Any CPU
		{C0F87E2D-321F-4AAE-9CCD-0CD1AAEC36EF}.Release|Any CPU.ActiveCfg = Release|Any CPU
		{C0F87E2D-321F-4AAE-9CCD-0CD1AAEC36EF}.Release|Any CPU.Build.0 = Release|Any CPU
	EndGlobalSection
	GlobalSection(SolutionProperties) = preSolution
		HideSolutionNode = FALSE
	EndGlobalSection
	GlobalSection(ExtensibilityGlobals) = postSolution
		SolutionGuid = {73DA2B4C-A054-481A-9435-AB10C2DCA5AA}
	EndGlobalSection
EndGlobal
